
Microsoft Visual Studio Solution File, Format Version 12.00
Project("{FAE04EC0-301F-11D3-BF4B-00C04F79EFBC}") = "PokeSharp.Core", "src\Core\PokeSharp.Core\PokeSharp.Core.csproj", "{D772A491-9BC6-43DF-AA79-57E2E2E66BC0}"
EndProject
Project("{FAE04EC0-301F-11D3-BF4B-00C04F79EFBC}") = "PokeSharp", "src\Core\PokeSharp\PokeSharp.csproj", "{026AC067-340B-476C-A825-FF9C5B31EF1D}"
EndProject
Project("{FAE04EC0-301F-11D3-BF4B-00C04F79EFBC}") = "PokeSharp.Core.SourceGenerator", "src\Tooling\PokeSharp.Core.SourceGenerator\PokeSharp.Core.SourceGenerator.csproj", "{222957C2-02BB-48B3-81F2-484B22C00E76}"
EndProject
Project("{FAE04EC0-301F-11D3-BF4B-00C04F79EFBC}") = "PokeSharp.Compiler.Core", "src\Editor\PokeSharp.Compiler.Core\PokeSharp.Compiler.Core.csproj", "{1D26B276-BFD7-4404-AD7A-60C4E726A8B8}"
EndProject
Project("{FAE04EC0-301F-11D3-BF4B-00C04F79EFBC}") = "PokeSharp.Compiler.Sample", "samples\PokeSharp.Compiler.Sample\PokeSharp.Compiler.Sample.csproj", "{53B59A64-AC3C-416A-BABF-C549A827157E}"
EndProject
Project("{FAE04EC0-301F-11D3-BF4B-00C04F79EFBC}") = "PokeSharp.Compiler", "src\Editor\PokeSharp.Compiler\PokeSharp.Compiler.csproj", "{02A01EA5-B176-4516-B30A-177EA2FFEB21}"
EndProject
Project("{2150E333-8FDC-42A3-9474-1A3956D46DE8}") = "src", "src", "{98A5C631-0128-4380-8CA2-0B1F65F5D686}"
EndProject
Project("{2150E333-8FDC-42A3-9474-1A3956D46DE8}") = "test", "test", "{E7F3E9D9-A6C7-473B-B369-6BCC89C1D126}"
EndProject
Project("{2150E333-8FDC-42A3-9474-1A3956D46DE8}") = "samples", "samples", "{9F28A468-914C-41E6-AFC5-6811DA7DA245}"
EndProject
Project("{FAE04EC0-301F-11D3-BF4B-00C04F79EFBC}") = "PokeSharp.Compiler.SourceGenerator", "src\Tooling\PokeSharp.Compiler.SourceGenerator\PokeSharp.Compiler.SourceGenerator.csproj", "{AE014D76-6AE7-459B-84AB-4B8DFC74EFEB}"
EndProject
Project("{FAE04EC0-301F-11D3-BF4B-00C04F79EFBC}") = "PokeSharp.RGSS", "src\Interop\PokeSharp.RGSS\PokeSharp.RGSS.csproj", "{27D81093-C3E6-42D1-883F-94DB7303E5C7}"
EndProject
Project("{2150E333-8FDC-42A3-9474-1A3956D46DE8}") = "Editor", "Editor", "{E0071CDC-3963-444D-9BF7-E28F269F2D75}"
EndProject
Project("{FAE04EC0-301F-11D3-BF4B-00C04F79EFBC}") = "PokeSharp.Abstractions", "src\Core\PokeSharp.Abstractions\PokeSharp.Abstractions.csproj", "{2DE4662E-41A4-4830-AF9C-DF9CED161A4B}"
EndProject
Project("{FAE04EC0-301F-11D3-BF4B-00C04F79EFBC}") = "PokeSharp.CodeFixes", "src\Tooling\PokeSharp.CodeFixes\PokeSharp.CodeFixes.csproj", "{93526AD8-5EF9-468F-A61C-CB29858053A0}"
EndProject
Project("{FAE04EC0-301F-11D3-BF4B-00C04F79EFBC}") = "PokeSharp.SourceGenerator", "src\Tooling\PokeSharp.SourceGenerator\PokeSharp.SourceGenerator.csproj", "{5C285583-A398-4209-974F-562128C674B8}"
EndProject
Project("{2150E333-8FDC-42A3-9474-1A3956D46DE8}") = "Core", "Core", "{E01FBB1D-8B4F-4749-BF16-EB555C7FFF43}"
EndProject
Project("{2150E333-8FDC-42A3-9474-1A3956D46DE8}") = "Tooling", "Tooling", "{9B129704-DC9F-473F-AABB-B94F55F7C043}"
EndProject
Project("{2150E333-8FDC-42A3-9474-1A3956D46DE8}") = "Interop", "Interop", "{3A6CBFBD-663E-4325-A960-DE2538503E23}"
EndProject
Project("{FAE04EC0-301F-11D3-BF4B-00C04F79EFBC}") = "PokeSharp.Editor", "src\Editor\PokeSharp.Editor\PokeSharp.Editor.csproj", "{9E646A0E-EEEE-4999-B3DA-D32E6A587E4F}"
EndProject
Global
	GlobalSection(SolutionConfigurationPlatforms) = preSolution
		Debug|Any CPU = Debug|Any CPU
		Release|Any CPU = Release|Any CPU
	EndGlobalSection
	GlobalSection(ProjectConfigurationPlatforms) = postSolution
		{D772A491-9BC6-43DF-AA79-57E2E2E66BC0}.Debug|Any CPU.ActiveCfg = Debug|Any CPU
		{D772A491-9BC6-43DF-AA79-57E2E2E66BC0}.Debug|Any CPU.Build.0 = Debug|Any CPU
		{D772A491-9BC6-43DF-AA79-57E2E2E66BC0}.Release|Any CPU.ActiveCfg = Release|Any CPU
		{D772A491-9BC6-43DF-AA79-57E2E2E66BC0}.Release|Any CPU.Build.0 = Release|Any CPU
		{026AC067-340B-476C-A825-FF9C5B31EF1D}.Debug|Any CPU.ActiveCfg = Debug|Any CPU
		{026AC067-340B-476C-A825-FF9C5B31EF1D}.Debug|Any CPU.Build.0 = Debug|Any CPU
		{026AC067-340B-476C-A825-FF9C5B31EF1D}.Release|Any CPU.ActiveCfg = Release|Any CPU
		{026AC067-340B-476C-A825-FF9C5B31EF1D}.Release|Any CPU.Build.0 = Release|Any CPU
		{222957C2-02BB-48B3-81F2-484B22C00E76}.Debug|Any CPU.ActiveCfg = Debug|Any CPU
		{222957C2-02BB-48B3-81F2-484B22C00E76}.Debug|Any CPU.Build.0 = Debug|Any CPU
		{222957C2-02BB-48B3-81F2-484B22C00E76}.Release|Any CPU.ActiveCfg = Release|Any CPU
		{222957C2-02BB-48B3-81F2-484B22C00E76}.Release|Any CPU.Build.0 = Release|Any CPU
		{1D26B276-BFD7-4404-AD7A-60C4E726A8B8}.Debug|Any CPU.ActiveCfg = Debug|Any CPU
		{1D26B276-BFD7-4404-AD7A-60C4E726A8B8}.Debug|Any CPU.Build.0 = Debug|Any CPU
		{1D26B276-BFD7-4404-AD7A-60C4E726A8B8}.Release|Any CPU.ActiveCfg = Release|Any CPU
		{1D26B276-BFD7-4404-AD7A-60C4E726A8B8}.Release|Any CPU.Build.0 = Release|Any CPU
		{53B59A64-AC3C-416A-BABF-C549A827157E}.Debug|Any CPU.ActiveCfg = Debug|Any CPU
		{53B59A64-AC3C-416A-BABF-C549A827157E}.Debug|Any CPU.Build.0 = Debug|Any CPU
		{53B59A64-AC3C-416A-BABF-C549A827157E}.Release|Any CPU.ActiveCfg = Release|Any CPU
		{53B59A64-AC3C-416A-BABF-C549A827157E}.Release|Any CPU.Build.0 = Release|Any CPU
		{02A01EA5-B176-4516-B30A-177EA2FFEB21}.Debug|Any CPU.ActiveCfg = Debug|Any CPU
		{02A01EA5-B176-4516-B30A-177EA2FFEB21}.Debug|Any CPU.Build.0 = Debug|Any CPU
		{02A01EA5-B176-4516-B30A-177EA2FFEB21}.Release|Any CPU.ActiveCfg = Release|Any CPU
		{02A01EA5-B176-4516-B30A-177EA2FFEB21}.Release|Any CPU.Build.0 = Release|Any CPU
		{AE014D76-6AE7-459B-84AB-4B8DFC74EFEB}.Debug|Any CPU.ActiveCfg = Debug|Any CPU
		{AE014D76-6AE7-459B-84AB-4B8DFC74EFEB}.Debug|Any CPU.Build.0 = Debug|Any CPU
		{AE014D76-6AE7-459B-84AB-4B8DFC74EFEB}.Release|Any CPU.ActiveCfg = Release|Any CPU
		{AE014D76-6AE7-459B-84AB-4B8DFC74EFEB}.Release|Any CPU.Build.0 = Release|Any CPU
		{27D81093-C3E6-42D1-883F-94DB7303E5C7}.Debug|Any CPU.ActiveCfg = Debug|Any CPU
		{27D81093-C3E6-42D1-883F-94DB7303E5C7}.Debug|Any CPU.Build.0 = Debug|Any CPU
		{27D81093-C3E6-42D1-883F-94DB7303E5C7}.Release|Any CPU.ActiveCfg = Release|Any CPU
		{27D81093-C3E6-42D1-883F-94DB7303E5C7}.Release|Any CPU.Build.0 = Release|Any CPU
		{2DE4662E-41A4-4830-AF9C-DF9CED161A4B}.Debug|Any CPU.ActiveCfg = Debug|Any CPU
		{2DE4662E-41A4-4830-AF9C-DF9CED161A4B}.Debug|Any CPU.Build.0 = Debug|Any CPU
		{2DE4662E-41A4-4830-AF9C-DF9CED161A4B}.Release|Any CPU.ActiveCfg = Release|Any CPU
		{2DE4662E-41A4-4830-AF9C-DF9CED161A4B}.Release|Any CPU.Build.0 = Release|Any CPU
		{93526AD8-5EF9-468F-A61C-CB29858053A0}.Debug|Any CPU.ActiveCfg = Debug|Any CPU
		{93526AD8-5EF9-468F-A61C-CB29858053A0}.Debug|Any CPU.Build.0 = Debug|Any CPU
		{93526AD8-5EF9-468F-A61C-CB29858053A0}.Release|Any CPU.ActiveCfg = Release|Any CPU
		{93526AD8-5EF9-468F-A61C-CB29858053A0}.Release|Any CPU.Build.0 = Release|Any CPU
		{5C285583-A398-4209-974F-562128C674B8}.Debug|Any CPU.ActiveCfg = Debug|Any CPU
		{5C285583-A398-4209-974F-562128C674B8}.Debug|Any CPU.Build.0 = Debug|Any CPU
		{5C285583-A398-4209-974F-562128C674B8}.Release|Any CPU.ActiveCfg = Release|Any CPU
		{5C285583-A398-4209-974F-562128C674B8}.Release|Any CPU.Build.0 = Release|Any CPU
		{9E646A0E-EEEE-4999-B3DA-D32E6A587E4F}.Debug|Any CPU.ActiveCfg = Debug|Any CPU
		{9E646A0E-EEEE-4999-B3DA-D32E6A587E4F}.Debug|Any CPU.Build.0 = Debug|Any CPU
		{9E646A0E-EEEE-4999-B3DA-D32E6A587E4F}.Release|Any CPU.ActiveCfg = Release|Any CPU
		{9E646A0E-EEEE-4999-B3DA-D32E6A587E4F}.Release|Any CPU.Build.0 = Release|Any CPU
	EndGlobalSection
	GlobalSection(NestedProjects) = preSolution
		{53B59A64-AC3C-416A-BABF-C549A827157E} = {9F28A468-914C-41E6-AFC5-6811DA7DA245}
		{E0071CDC-3963-444D-9BF7-E28F269F2D75} = {98A5C631-0128-4380-8CA2-0B1F65F5D686}
		{02A01EA5-B176-4516-B30A-177EA2FFEB21} = {E0071CDC-3963-444D-9BF7-E28F269F2D75}
		{1D26B276-BFD7-4404-AD7A-60C4E726A8B8} = {E0071CDC-3963-444D-9BF7-E28F269F2D75}
		{E01FBB1D-8B4F-4749-BF16-EB555C7FFF43} = {98A5C631-0128-4380-8CA2-0B1F65F5D686}
		{D772A491-9BC6-43DF-AA79-57E2E2E66BC0} = {E01FBB1D-8B4F-4749-BF16-EB555C7FFF43}
		{2DE4662E-41A4-4830-AF9C-DF9CED161A4B} = {E01FBB1D-8B4F-4749-BF16-EB555C7FFF43}
		{026AC067-340B-476C-A825-FF9C5B31EF1D} = {E01FBB1D-8B4F-4749-BF16-EB555C7FFF43}
		{9B129704-DC9F-473F-AABB-B94F55F7C043} = {98A5C631-0128-4380-8CA2-0B1F65F5D686}
		{AE014D76-6AE7-459B-84AB-4B8DFC74EFEB} = {9B129704-DC9F-473F-AABB-B94F55F7C043}
		{93526AD8-5EF9-468F-A61C-CB29858053A0} = {9B129704-DC9F-473F-AABB-B94F55F7C043}
		{222957C2-02BB-48B3-81F2-484B22C00E76} = {9B129704-DC9F-473F-AABB-B94F55F7C043}
		{5C285583-A398-4209-974F-562128C674B8} = {9B129704-DC9F-473F-AABB-B94F55F7C043}
		{3A6CBFBD-663E-4325-A960-DE2538503E23} = {98A5C631-0128-4380-8CA2-0B1F65F5D686}
		{27D81093-C3E6-42D1-883F-94DB7303E5C7} = {3A6CBFBD-663E-4325-A960-DE2538503E23}
		{9E646A0E-EEEE-4999-B3DA-D32E6A587E4F} = {E0071CDC-3963-444D-9BF7-E28F269F2D75}
	EndGlobalSection
EndGlobal
